
Microsoft Visual Studio Solution File, Format Version 12.00
# Visual Studio Version 17
VisualStudioVersion = 17.3.32825.248
MinimumVisualStudioVersion = 10.0.40219.1
Project("{FAE04EC0-301F-11D3-BF4B-00C04F79EFBC}") = "CShape_Playground", "CShape_Playground\CShape_Playground.csproj", "{36C102F4-9E1B-46CE-8189-FE984662487C}"
EndProject
Global
	GlobalSection(SolutionConfigurationPlatforms) = preSolution
		Debug|Any CPU = Debug|Any CPU
		Release|Any CPU = Release|Any CPU
	EndGlobalSection
	GlobalSection(ProjectConfigurationPlatforms) = postSolution
		{36C102F4-9E1B-46CE-8189-FE984662487C}.Debug|Any CPU.ActiveCfg = Debug|Any CPU
		{36C102F4-9E1B-46CE-8189-FE984662487C}.Debug|Any CPU.Build.0 = Debug|Any CPU
		{36C102F4-9E1B-46CE-8189-FE984662487C}.Release|Any CPU.ActiveCfg = Release|Any CPU
		{36C102F4-9E1B-46CE-8189-FE984662487C}.Release|Any CPU.Build.0 = Release|Any CPU
	EndGlobalSection
	GlobalSection(SolutionProperties) = preSolution
		HideSolutionNode = FALSE
	EndGlobalSection
	GlobalSection(ExtensibilityGlobals) = postSolution
		SolutionGuid = {10C41328-17FA-4370-B4FC-C475A6BF5968}
	EndGlobalSection
EndGlobal
